
Microsoft Visual Studio Solution File, Format Version 12.00
# Visual Studio Version 17
VisualStudioVersion = 17.4.33403.182
MinimumVisualStudioVersion = 10.0.40219.1
Project("{9A19103F-16F7-4668-BE54-9A1E7A4F7556}") = "WebAPI", "WebAPI\WebAPI.csproj", "{1DAEB314-87C8-4E85-889A-0BC03E33997F}"
EndProject
Project("{9A19103F-16F7-4668-BE54-9A1E7A4F7556}") = "BLL", "BLL\BLL.csproj", "{A117A0FE-866E-4E2B-BDD9-4666BC26222F}"
EndProject
Project("{9A19103F-16F7-4668-BE54-9A1E7A4F7556}") = "DAL", "DAL\DAL.csproj", "{C6822D27-4EE3-4D9D-A357-69F5CEBBBA2C}"
EndProject
Project("{9A19103F-16F7-4668-BE54-9A1E7A4F7556}") = "Entity", "Entity\Entity.csproj", "{0562C8D9-F6BD-46AD-8983-9EFD34C4565A}"
EndProject
Project("{2150E333-8FDC-42A3-9474-1A3956D46DE8}") = "Solution Items", "Solution Items", "{14AE0D67-291A-4F9A-8269-EB17DEFC04B4}"
	ProjectSection(SolutionItems) = preProject
		.editorconfig = .editorconfig
	EndProjectSection
EndProject
Global
	GlobalSection(SolutionConfigurationPlatforms) = preSolution
		Debug|Any CPU = Debug|Any CPU
		Release|Any CPU = Release|Any CPU
	EndGlobalSection
	GlobalSection(ProjectConfigurationPlatforms) = postSolution
		{1DAEB314-87C8-4E85-889A-0BC03E33997F}.Debug|Any CPU.ActiveCfg = Debug|Any CPU
		{1DAEB314-87C8-4E85-889A-0BC03E33997F}.Debug|Any CPU.Build.0 = Debug|Any CPU
		{1DAEB314-87C8-4E85-889A-0BC03E33997F}.Release|Any CPU.ActiveCfg = Release|Any CPU
		{1DAEB314-87C8-4E85-889A-0BC03E33997F}.Release|Any CPU.Build.0 = Release|Any CPU
		{A117A0FE-866E-4E2B-BDD9-4666BC26222F}.Debug|Any CPU.ActiveCfg = Debug|Any CPU
		{A117A0FE-866E-4E2B-BDD9-4666BC26222F}.Debug|Any CPU.Build.0 = Debug|Any CPU
		{A117A0FE-866E-4E2B-BDD9-4666BC26222F}.Release|Any CPU.ActiveCfg = Release|Any CPU
		{A117A0FE-866E-4E2B-BDD9-4666BC26222F}.Release|Any CPU.Build.0 = Release|Any CPU
		{C6822D27-4EE3-4D9D-A357-69F5CEBBBA2C}.Debug|Any CPU.ActiveCfg = Debug|Any CPU
		{C6822D27-4EE3-4D9D-A357-69F5CEBBBA2C}.Debug|Any CPU.Build.0 = Debug|Any CPU
		{C6822D27-4EE3-4D9D-A357-69F5CEBBBA2C}.Release|Any CPU.ActiveCfg = Release|Any CPU
		{C6822D27-4EE3-4D9D-A357-69F5CEBBBA2C}.Release|Any CPU.Build.0 = Release|Any CPU
		{0562C8D9-F6BD-46AD-8983-9EFD34C4565A}.Debug|Any CPU.ActiveCfg = Debug|Any CPU
		{0562C8D9-F6BD-46AD-8983-9EFD34C4565A}.Debug|Any CPU.Build.0 = Debug|Any CPU
		{0562C8D9-F6BD-46AD-8983-9EFD34C4565A}.Release|Any CPU.ActiveCfg = Release|Any CPU
		{0562C8D9-F6BD-46AD-8983-9EFD34C4565A}.Release|Any CPU.Build.0 = Release|Any CPU
	EndGlobalSection
	GlobalSection(SolutionProperties) = preSolution
		HideSolutionNode = FALSE
	EndGlobalSection
	GlobalSection(ExtensibilityGlobals) = postSolution
		SolutionGuid = {A739C649-0325-4C90-AB31-0F246EDD0A3B}
	EndGlobalSection
EndGlobal
